// !$*UTF8*$!
{
	archiveVersion = 1;
	classes = {
	};
	objectVersion = 55;
	objects = {

/* Begin PBXBuildFile section */
		4E7325BA29A3839E000848EB /* SwiftUIMemo.xcdatamodeld in Sources */ = {isa = PBXBuildFile; fileRef = 4E7325A729A3839B000848EB /* SwiftUIMemo.xcdatamodeld */; };
		4E7325BB29A3839E000848EB /* SwiftUIMemo.xcdatamodeld in Sources */ = {isa = PBXBuildFile; fileRef = 4E7325A729A3839B000848EB /* SwiftUIMemo.xcdatamodeld */; };
		4E7325BC29A3839E000848EB /* SwiftUIMemoApp.swift in Sources */ = {isa = PBXBuildFile; fileRef = 4E7325A929A3839B000848EB /* SwiftUIMemoApp.swift */; };
		4E7325BD29A3839E000848EB /* SwiftUIMemoApp.swift in Sources */ = {isa = PBXBuildFile; fileRef = 4E7325A929A3839B000848EB /* SwiftUIMemoApp.swift */; };
		4E7325C029A3839E000848EB /* Persistence.swift in Sources */ = {isa = PBXBuildFile; fileRef = 4E7325AB29A3839B000848EB /* Persistence.swift */; };
		4E7325C129A3839E000848EB /* Persistence.swift in Sources */ = {isa = PBXBuildFile; fileRef = 4E7325AB29A3839B000848EB /* Persistence.swift */; };
		4E7325C229A3839E000848EB /* Assets.xcassets in Resources */ = {isa = PBXBuildFile; fileRef = 4E7325AC29A3839E000848EB /* Assets.xcassets */; };
		4E7325C329A3839E000848EB /* Assets.xcassets in Resources */ = {isa = PBXBuildFile; fileRef = 4E7325AC29A3839E000848EB /* Assets.xcassets */; };
		4E7325CD29A3841A000848EB /* MainListView.swift in Sources */ = {isa = PBXBuildFile; fileRef = 4E7325CC29A3841A000848EB /* MainListView.swift */; };
		4E7325CE29A3841A000848EB /* MainListView.swift in Sources */ = {isa = PBXBuildFile; fileRef = 4E7325CC29A3841A000848EB /* MainListView.swift */; };
		4E7325D229A386AB000848EB /* Memo.swift in Sources */ = {isa = PBXBuildFile; fileRef = 4E7325D129A386AB000848EB /* Memo.swift */; };
		4E7325D329A386AB000848EB /* Memo.swift in Sources */ = {isa = PBXBuildFile; fileRef = 4E7325D129A386AB000848EB /* Memo.swift */; };
		4E7325D829A38768000848EB /* MemoStore.swift in Sources */ = {isa = PBXBuildFile; fileRef = 4E7325D729A38768000848EB /* MemoStore.swift */; };
		4E7325D929A38768000848EB /* MemoStore.swift in Sources */ = {isa = PBXBuildFile; fileRef = 4E7325D729A38768000848EB /* MemoStore.swift */; };
		4E7325DC29A38DFC000848EB /* MemoCell.swift in Sources */ = {isa = PBXBuildFile; fileRef = 4E7325DB29A38DFC000848EB /* MemoCell.swift */; };
		4E7325DD29A38DFC000848EB /* MemoCell.swift in Sources */ = {isa = PBXBuildFile; fileRef = 4E7325DB29A38DFC000848EB /* MemoCell.swift */; };
		4E7325DF29A38FDA000848EB /* ComposeView.swift in Sources */ = {isa = PBXBuildFile; fileRef = 4E7325DE29A38FDA000848EB /* ComposeView.swift */; };
		4E7325E029A38FDA000848EB /* ComposeView.swift in Sources */ = {isa = PBXBuildFile; fileRef = 4E7325DE29A38FDA000848EB /* ComposeView.swift */; };
/* End PBXBuildFile section */

/* Begin PBXFileReference section */
		4E7325A829A3839B000848EB /* Shared.xcdatamodel */ = {isa = PBXFileReference; lastKnownFileType = wrapper.xcdatamodel; path = Shared.xcdatamodel; sourceTree = "<group>"; };
		4E7325A929A3839B000848EB /* SwiftUIMemoApp.swift */ = {isa = PBXFileReference; lastKnownFileType = sourcecode.swift; path = SwiftUIMemoApp.swift; sourceTree = "<group>"; };
		4E7325AB29A3839B000848EB /* Persistence.swift */ = {isa = PBXFileReference; lastKnownFileType = sourcecode.swift; path = Persistence.swift; sourceTree = "<group>"; };
		4E7325AC29A3839E000848EB /* Assets.xcassets */ = {isa = PBXFileReference; lastKnownFileType = folder.assetcatalog; path = Assets.xcassets; sourceTree = "<group>"; };
		4E7325B129A3839E000848EB /* SwiftUIMemo.app */ = {isa = PBXFileReference; explicitFileType = wrapper.application; includeInIndex = 0; path = SwiftUIMemo.app; sourceTree = BUILT_PRODUCTS_DIR; };
		4E7325B729A3839E000848EB /* SwiftUIMemo.app */ = {isa = PBXFileReference; explicitFileType = wrapper.application; includeInIndex = 0; path = SwiftUIMemo.app; sourceTree = BUILT_PRODUCTS_DIR; };
		4E7325B929A3839E000848EB /* macOS.entitlements */ = {isa = PBXFileReference; lastKnownFileType = text.plist.entitlements; path = macOS.entitlements; sourceTree = "<group>"; };
		4E7325CC29A3841A000848EB /* MainListView.swift */ = {isa = PBXFileReference; lastKnownFileType = sourcecode.swift; path = MainListView.swift; sourceTree = "<group>"; };
		4E7325D129A386AB000848EB /* Memo.swift */ = {isa = PBXFileReference; lastKnownFileType = sourcecode.swift; path = Memo.swift; sourceTree = "<group>"; };
		4E7325D729A38768000848EB /* MemoStore.swift */ = {isa = PBXFileReference; lastKnownFileType = sourcecode.swift; path = MemoStore.swift; sourceTree = "<group>"; };
		4E7325DB29A38DFC000848EB /* MemoCell.swift */ = {isa = PBXFileReference; lastKnownFileType = sourcecode.swift; path = MemoCell.swift; sourceTree = "<group>"; };
		4E7325DE29A38FDA000848EB /* ComposeView.swift */ = {isa = PBXFileReference; lastKnownFileType = sourcecode.swift; path = ComposeView.swift; sourceTree = "<group>"; };
/* End PBXFileReference section */

/* Begin PBXFrameworksBuildPhase section */
		4E7325AE29A3839E000848EB /* Frameworks */ = {
			isa = PBXFrameworksBuildPhase;
			buildActionMask = 2147483647;
			files = (
			);
			runOnlyForDeploymentPostprocessing = 0;
		};
		4E7325B429A3839E000848EB /* Frameworks */ = {
			isa = PBXFrameworksBuildPhase;
			buildActionMask = 2147483647;
			files = (
			);
			runOnlyForDeploymentPostprocessing = 0;
		};
/* End PBXFrameworksBuildPhase section */

/* Begin PBXGroup section */
		4E7325A129A3839A000848EB = {
			isa = PBXGroup;
			children = (
				4E7325A629A3839B000848EB /* Shared */,
				4E7325B829A3839E000848EB /* macOS */,
				4E7325B229A3839E000848EB /* Products */,
			);
			sourceTree = "<group>";
		};
		4E7325A629A3839B000848EB /* Shared */ = {
			isa = PBXGroup;
			children = (
				4E7325DA29A38DE9000848EB /* View */,
				4E7325D029A3845A000848EB /* Memory */,
				4E7325CF29A38448000848EB /* CoreData */,
				4E7325A929A3839B000848EB /* SwiftUIMemoApp.swift */,
				4E7325AC29A3839E000848EB /* Assets.xcassets */,
			);
			path = Shared;
			sourceTree = "<group>";
		};
		4E7325B229A3839E000848EB /* Products */ = {
			isa = PBXGroup;
			children = (
				4E7325B129A3839E000848EB /* SwiftUIMemo.app */,
				4E7325B729A3839E000848EB /* SwiftUIMemo.app */,
			);
			name = Products;
			sourceTree = "<group>";
		};
		4E7325B829A3839E000848EB /* macOS */ = {
			isa = PBXGroup;
			children = (
				4E7325B929A3839E000848EB /* macOS.entitlements */,
			);
			path = macOS;
			sourceTree = "<group>";
		};
		4E7325CF29A38448000848EB /* CoreData */ = {
			isa = PBXGroup;
			children = (
				4E7325AB29A3839B000848EB /* Persistence.swift */,
				4E7325A729A3839B000848EB /* SwiftUIMemo.xcdatamodeld */,
			);
			path = CoreData;
			sourceTree = "<group>";
		};
		4E7325D029A3845A000848EB /* Memory */ = {
			isa = PBXGroup;
			children = (
				4E7325D129A386AB000848EB /* Memo.swift */,
				4E7325D729A38768000848EB /* MemoStore.swift */,
			);
			path = Memory;
			sourceTree = "<group>";
		};
		4E7325DA29A38DE9000848EB /* View */ = {
			isa = PBXGroup;
			children = (
				4E7325DB29A38DFC000848EB /* MemoCell.swift */,
				4E7325CC29A3841A000848EB /* MainListView.swift */,
				4E7325DE29A38FDA000848EB /* ComposeView.swift */,
			);
			path = View;
			sourceTree = "<group>";
		};
/* End PBXGroup section */

/* Begin PBXNativeTarget section */
		4E7325B029A3839E000848EB /* SwiftUIMemo (iOS) */ = {
			isa = PBXNativeTarget;
			buildConfigurationList = 4E7325C629A3839E000848EB /* Build configuration list for PBXNativeTarget "SwiftUIMemo (iOS)" */;
			buildPhases = (
				4E7325AD29A3839E000848EB /* Sources */,
				4E7325AE29A3839E000848EB /* Frameworks */,
				4E7325AF29A3839E000848EB /* Resources */,
			);
			buildRules = (
			);
			dependencies = (
			);
			name = "SwiftUIMemo (iOS)";
			productName = "SwiftUIMemo (iOS)";
			productReference = 4E7325B129A3839E000848EB /* SwiftUIMemo.app */;
			productType = "com.apple.product-type.application";
		};
		4E7325B629A3839E000848EB /* SwiftUIMemo (macOS) */ = {
			isa = PBXNativeTarget;
			buildConfigurationList = 4E7325C929A3839E000848EB /* Build configuration list for PBXNativeTarget "SwiftUIMemo (macOS)" */;
			buildPhases = (
				4E7325B329A3839E000848EB /* Sources */,
				4E7325B429A3839E000848EB /* Frameworks */,
				4E7325B529A3839E000848EB /* Resources */,
			);
			buildRules = (
			);
			dependencies = (
			);
			name = "SwiftUIMemo (macOS)";
			productName = "SwiftUIMemo (macOS)";
			productReference = 4E7325B729A3839E000848EB /* SwiftUIMemo.app */;
			productType = "com.apple.product-type.application";
		};
/* End PBXNativeTarget section */

/* Begin PBXProject section */
		4E7325A229A3839A000848EB /* Project object */ = {
			isa = PBXProject;
			attributes = {
				BuildIndependentTargetsInParallel = 1;
				LastSwiftUpdateCheck = 1340;
				LastUpgradeCheck = 1340;
				TargetAttributes = {
					4E7325B029A3839E000848EB = {
						CreatedOnToolsVersion = 13.4.1;
					};
					4E7325B629A3839E000848EB = {
						CreatedOnToolsVersion = 13.4.1;
					};
				};
			};
			buildConfigurationList = 4E7325A529A3839A000848EB /* Build configuration list for PBXProject "SwiftUIMemo" */;
			compatibilityVersion = "Xcode 13.0";
			developmentRegion = en;
			hasScannedForEncodings = 0;
			knownRegions = (
				en,
				Base,
			);
			mainGroup = 4E7325A129A3839A000848EB;
			productRefGroup = 4E7325B229A3839E000848EB /* Products */;
			projectDirPath = "";
			projectRoot = "";
			targets = (
				4E7325B029A3839E000848EB /* SwiftUIMemo (iOS) */,
				4E7325B629A3839E000848EB /* SwiftUIMemo (macOS) */,
			);
		};
/* End PBXProject section */

/* Begin PBXResourcesBuildPhase section */
		4E7325AF29A3839E000848EB /* Resources */ = {
			isa = PBXResourcesBuildPhase;
			buildActionMask = 2147483647;
			files = (
				4E7325C229A3839E000848EB /* Assets.xcassets in Resources */,
			);
			runOnlyForDeploymentPostprocessing = 0;
		};
		4E7325B529A3839E000848EB /* Resources */ = {
			isa = PBXResourcesBuildPhase;
			buildActionMask = 2147483647;
			files = (
				4E7325C329A3839E000848EB /* Assets.xcassets in Resources */,
			);
			runOnlyForDeploymentPostprocessing = 0;
		};
/* End PBXResourcesBuildPhase section */

/* Begin PBXSourcesBuildPhase section */
		4E7325AD29A3839E000848EB /* Sources */ = {
			isa = PBXSourcesBuildPhase;
			buildActionMask = 2147483647;
			files = (
				4E7325DC29A38DFC000848EB /* MemoCell.swift in Sources */,
				4E7325BA29A3839E000848EB /* SwiftUIMemo.xcdatamodeld in Sources */,
				4E7325D829A38768000848EB /* MemoStore.swift in Sources */,
				4E7325CD29A3841A000848EB /* MainListView.swift in Sources */,
				4E7325C029A3839E000848EB /* Persistence.swift in Sources */,
				4E7325DF29A38FDA000848EB /* ComposeView.swift in Sources */,
				4E7325BC29A3839E000848EB /* SwiftUIMemoApp.swift in Sources */,
				4E7325D229A386AB000848EB /* Memo.swift in Sources */,
			);
			runOnlyForDeploymentPostprocessing = 0;
		};
		4E7325B329A3839E000848EB /* Sources */ = {
			isa = PBXSourcesBuildPhase;
			buildActionMask = 2147483647;
			files = (
				4E7325DD29A38DFC000848EB /* MemoCell.swift in Sources */,
				4E7325BB29A3839E000848EB /* SwiftUIMemo.xcdatamodeld in Sources */,
				4E7325D929A38768000848EB /* MemoStore.swift in Sources */,
				4E7325CE29A3841A000848EB /* MainListView.swift in Sources */,
				4E7325C129A3839E000848EB /* Persistence.swift in Sources */,
				4E7325E029A38FDA000848EB /* ComposeView.swift in Sources */,
				4E7325BD29A3839E000848EB /* SwiftUIMemoApp.swift in Sources */,
				4E7325D329A386AB000848EB /* Memo.swift in Sources */,
			);
			runOnlyForDeploymentPostprocessing = 0;
		};
/* End PBXSourcesBuildPhase section */

/* Begin XCBuildConfiguration section */
		4E7325C429A3839E000848EB /* Debug */ = {
			isa = XCBuildConfiguration;
			buildSettings = {
				ALWAYS_SEARCH_USER_PATHS = NO;
				CLANG_ANALYZER_NONNULL = YES;
				CLANG_ANALYZER_NUMBER_OBJECT_CONVERSION = YES_AGGRESSIVE;
				CLANG_CXX_LANGUAGE_STANDARD = "gnu++17";
				CLANG_ENABLE_MODULES = YES;
				CLANG_ENABLE_OBJC_ARC = YES;
				CLANG_ENABLE_OBJC_WEAK = YES;
				CLANG_WARN_BLOCK_CAPTURE_AUTORELEASING = YES;
				CLANG_WARN_BOOL_CONVERSION = YES;
				CLANG_WARN_COMMA = YES;
				CLANG_WARN_CONSTANT_CONVERSION = YES;
				CLANG_WARN_DEPRECATED_OBJC_IMPLEMENTATIONS = YES;
				CLANG_WARN_DIRECT_OBJC_ISA_USAGE = YES_ERROR;
				CLANG_WARN_DOCUMENTATION_COMMENTS = YES;
				CLANG_WARN_EMPTY_BODY = YES;
				CLANG_WARN_ENUM_CONVERSION = YES;
				CLANG_WARN_INFINITE_RECURSION = YES;
				CLANG_WARN_INT_CONVERSION = YES;
				CLANG_WARN_NON_LITERAL_NULL_CONVERSION = YES;
				CLANG_WARN_OBJC_IMPLICIT_RETAIN_SELF = YES;
				CLANG_WARN_OBJC_LITERAL_CONVERSION = YES;
				CLANG_WARN_OBJC_ROOT_CLASS = YES_ERROR;
				CLANG_WARN_QUOTED_INCLUDE_IN_FRAMEWORK_HEADER = YES;
				CLANG_WARN_RANGE_LOOP_ANALYSIS = YES;
				CLANG_WARN_STRICT_PROTOTYPES = YES;
				CLANG_WARN_SUSPICIOUS_MOVE = YES;
				CLANG_WARN_UNGUARDED_AVAILABILITY = YES_AGGRESSIVE;
				CLANG_WARN_UNREACHABLE_CODE = YES;
				CLANG_WARN__DUPLICATE_METHOD_MATCH = YES;
				COPY_PHASE_STRIP = NO;
				DEBUG_INFORMATION_FORMAT = dwarf;
				ENABLE_STRICT_OBJC_MSGSEND = YES;
				ENABLE_TESTABILITY = YES;
				GCC_C_LANGUAGE_STANDARD = gnu11;
				GCC_DYNAMIC_NO_PIC = NO;
				GCC_NO_COMMON_BLOCKS = YES;
				GCC_OPTIMIZATION_LEVEL = 0;
				GCC_PREPROCESSOR_DEFINITIONS = (
					"DEBUG=1",
					"$(inherited)",
				);
				GCC_WARN_64_TO_32_BIT_CONVERSION = YES;
				GCC_WARN_ABOUT_RETURN_TYPE = YES_ERROR;
				GCC_WARN_UNDECLARED_SELECTOR = YES;
				GCC_WARN_UNINITIALIZED_AUTOS = YES_AGGRESSIVE;
				GCC_WARN_UNUSED_FUNCTION = YES;
				GCC_WARN_UNUSED_VARIABLE = YES;
				MTL_ENABLE_DEBUG_INFO = INCLUDE_SOURCE;
				MTL_FAST_MATH = YES;
				ONLY_ACTIVE_ARCH = YES;
				SWIFT_ACTIVE_COMPILATION_CONDITIONS = DEBUG;
				SWIFT_OPTIMIZATION_LEVEL = "-Onone";
			};
			name = Debug;
		};
		4E7325C529A3839E000848EB /* Release */ = {
			isa = XCBuildConfiguration;
			buildSettings = {
				ALWAYS_SEARCH_USER_PATHS = NO;
				CLANG_ANALYZER_NONNULL = YES;
				CLANG_ANALYZER_NUMBER_OBJECT_CONVERSION = YES_AGGRESSIVE;
				CLANG_CXX_LANGUAGE_STANDARD = "gnu++17";
				CLANG_ENABLE_MODULES = YES;
				CLANG_ENABLE_OBJC_ARC = YES;
				CLANG_ENABLE_OBJC_WEAK = YES;
				CLANG_WARN_BLOCK_CAPTURE_AUTORELEASING = YES;
				CLANG_WARN_BOOL_CONVERSION = YES;
				CLANG_WARN_COMMA = YES;
				CLANG_WARN_CONSTANT_CONVERSION = YES;
				CLANG_WARN_DEPRECATED_OBJC_IMPLEMENTATIONS = YES;
				CLANG_WARN_DIRECT_OBJC_ISA_USAGE = YES_ERROR;
				CLANG_WARN_DOCUMENTATION_COMMENTS = YES;
				CLANG_WARN_EMPTY_BODY = YES;
				CLANG_WARN_ENUM_CONVERSION = YES;
				CLANG_WARN_INFINITE_RECURSION = YES;
				CLANG_WARN_INT_CONVERSION = YES;
				CLANG_WARN_NON_LITERAL_NULL_CONVERSION = YES;
				CLANG_WARN_OBJC_IMPLICIT_RETAIN_SELF = YES;
				CLANG_WARN_OBJC_LITERAL_CONVERSION = YES;
				CLANG_WARN_OBJC_ROOT_CLASS = YES_ERROR;
				CLANG_WARN_QUOTED_INCLUDE_IN_FRAMEWORK_HEADER = YES;
				CLANG_WARN_RANGE_LOOP_ANALYSIS = YES;
				CLANG_WARN_STRICT_PROTOTYPES = YES;
				CLANG_WARN_SUSPICIOUS_MOVE = YES;
				CLANG_WARN_UNGUARDED_AVAILABILITY = YES_AGGRESSIVE;
				CLANG_WARN_UNREACHABLE_CODE = YES;
				CLANG_WARN__DUPLICATE_METHOD_MATCH = YES;
				COPY_PHASE_STRIP = NO;
				DEBUG_INFORMATION_FORMAT = "dwarf-with-dsym";
				ENABLE_NS_ASSERTIONS = NO;
				ENABLE_STRICT_OBJC_MSGSEND = YES;
				GCC_C_LANGUAGE_STANDARD = gnu11;
				GCC_NO_COMMON_BLOCKS = YES;
				GCC_WARN_64_TO_32_BIT_CONVERSION = YES;
				GCC_WARN_ABOUT_RETURN_TYPE = YES_ERROR;
				GCC_WARN_UNDECLARED_SELECTOR = YES;
				GCC_WARN_UNINITIALIZED_AUTOS = YES_AGGRESSIVE;
				GCC_WARN_UNUSED_FUNCTION = YES;
				GCC_WARN_UNUSED_VARIABLE = YES;
				MTL_ENABLE_DEBUG_INFO = NO;
				MTL_FAST_MATH = YES;
				SWIFT_COMPILATION_MODE = wholemodule;
				SWIFT_OPTIMIZATION_LEVEL = "-O";
			};
			name = Release;
		};
		4E7325C729A3839E000848EB /* Debug */ = {
			isa = XCBuildConfiguration;
			buildSettings = {
				ASSETCATALOG_COMPILER_APPICON_NAME = AppIcon;
				ASSETCATALOG_COMPILER_GLOBAL_ACCENT_COLOR_NAME = AccentColor;
				CODE_SIGN_STYLE = Automatic;
				CURRENT_PROJECT_VERSION = 1;
				ENABLE_PREVIEWS = YES;
				GENERATE_INFOPLIST_FILE = YES;
				INFOPLIST_KEY_UIApplicationSceneManifest_Generation = YES;
				INFOPLIST_KEY_UIApplicationSupportsIndirectInputEvents = YES;
				INFOPLIST_KEY_UILaunchScreen_Generation = YES;
				INFOPLIST_KEY_UISupportedInterfaceOrientations_iPad = "UIInterfaceOrientationPortrait UIInterfaceOrientationPortraitUpsideDown UIInterfaceOrientationLandscapeLeft UIInterfaceOrientationLandscapeRight";
				INFOPLIST_KEY_UISupportedInterfaceOrientations_iPhone = "UIInterfaceOrientationPortrait UIInterfaceOrientationLandscapeLeft UIInterfaceOrientationLandscapeRight";
				IPHONEOS_DEPLOYMENT_TARGET = 15.5;
				LD_RUNPATH_SEARCH_PATHS = (
					"$(inherited)",
					"@executable_path/Frameworks",
				);
				MARKETING_VERSION = 1.0;
				PRODUCT_BUNDLE_IDENTIFIER = parksangil.SwiftUIMemo;
				PRODUCT_NAME = SwiftUIMemo;
				SDKROOT = iphoneos;
				SWIFT_EMIT_LOC_STRINGS = YES;
				SWIFT_VERSION = 5.0;
				TARGETED_DEVICE_FAMILY = "1,2";
			};
			name = Debug;
		};
		4E7325C829A3839E000848EB /* Release */ = {
			isa = XCBuildConfiguration;
			buildSettings = {
				ASSETCATALOG_COMPILER_APPICON_NAME = AppIcon;
				ASSETCATALOG_COMPILER_GLOBAL_ACCENT_COLOR_NAME = AccentColor;
				CODE_SIGN_STYLE = Automatic;
				CURRENT_PROJECT_VERSION = 1;
				ENABLE_PREVIEWS = YES;
				GENERATE_INFOPLIST_FILE = YES;
				INFOPLIST_KEY_UIApplicationSceneManifest_Generation = YES;
				INFOPLIST_KEY_UIApplicationSupportsIndirectInputEvents = YES;
				INFOPLIST_KEY_UILaunchScreen_Generation = YES;
				INFOPLIST_KEY_UISupportedInterfaceOrientations_iPad = "UIInterfaceOrientationPortrait UIInterfaceOrientationPortraitUpsideDown UIInterfaceOrientationLandscapeLeft UIInterfaceOrientationLandscapeRight";
				INFOPLIST_KEY_UISupportedInterfaceOrientations_iPhone = "UIInterfaceOrientationPortrait UIInterfaceOrientationLandscapeLeft UIInterfaceOrientationLandscapeRight";
				IPHONEOS_DEPLOYMENT_TARGET = 15.5;
				LD_RUNPATH_SEARCH_PATHS = (
					"$(inherited)",
					"@executable_path/Frameworks",
				);
				MARKETING_VERSION = 1.0;
				PRODUCT_BUNDLE_IDENTIFIER = parksangil.SwiftUIMemo;
				PRODUCT_NAME = SwiftUIMemo;
				SDKROOT = iphoneos;
				SWIFT_EMIT_LOC_STRINGS = YES;
				SWIFT_VERSION = 5.0;
				TARGETED_DEVICE_FAMILY = "1,2";
				VALIDATE_PRODUCT = YES;
			};
			name = Release;
		};
		4E7325CA29A3839E000848EB /* Debug */ = {
			isa = XCBuildConfiguration;
			buildSettings = {
				ASSETCATALOG_COMPILER_APPICON_NAME = AppIcon;
				ASSETCATALOG_COMPILER_GLOBAL_ACCENT_COLOR_NAME = AccentColor;
				CODE_SIGN_ENTITLEMENTS = macOS/macOS.entitlements;
				CODE_SIGN_STYLE = Automatic;
				COMBINE_HIDPI_IMAGES = YES;
				CURRENT_PROJECT_VERSION = 1;
				ENABLE_PREVIEWS = YES;
				GENERATE_INFOPLIST_FILE = YES;
				INFOPLIST_KEY_NSHumanReadableCopyright = "";
				LD_RUNPATH_SEARCH_PATHS = (
					"$(inherited)",
					"@executable_path/../Frameworks",
				);
				MACOSX_DEPLOYMENT_TARGET = 12.1;
				MARKETING_VERSION = 1.0;
				PRODUCT_BUNDLE_IDENTIFIER = parksangil.SwiftUIMemo;
				PRODUCT_NAME = SwiftUIMemo;
				SDKROOT = macosx;
				SWIFT_EMIT_LOC_STRINGS = YES;
				SWIFT_VERSION = 5.0;
			};
			name = Debug;
		};
		4E7325CB29A3839E000848EB /* Release */ = {
			isa = XCBuildConfiguration;
			buildSettings = {
				ASSETCATALOG_COMPILER_APPICON_NAME = AppIcon;
				ASSETCATALOG_COMPILER_GLOBAL_ACCENT_COLOR_NAME = AccentColor;
				CODE_SIGN_ENTITLEMENTS = macOS/macOS.entitlements;
				CODE_SIGN_STYLE = Automatic;
				COMBINE_HIDPI_IMAGES = YES;
				CURRENT_PROJECT_VERSION = 1;
				ENABLE_PREVIEWS = YES;
				GENERATE_INFOPLIST_FILE = YES;
				INFOPLIST_KEY_NSHumanReadableCopyright = "";
				LD_RUNPATH_SEARCH_PATHS = (
					"$(inherited)",
					"@executable_path/../Frameworks",
				);
				MACOSX_DEPLOYMENT_TARGET = 12.1;
				MARKETING_VERSION = 1.0;
				PRODUCT_BUNDLE_IDENTIFIER = parksangil.SwiftUIMemo;
				PRODUCT_NAME = SwiftUIMemo;
				SDKROOT = macosx;
				SWIFT_EMIT_LOC_STRINGS = YES;
				SWIFT_VERSION = 5.0;
			};
			name = Release;
		};
/* End XCBuildConfiguration section */

/* Begin XCConfigurationList section */
		4E7325A529A3839A000848EB /* Build configuration list for PBXProject "SwiftUIMemo" */ = {
			isa = XCConfigurationList;
			buildConfigurations = (
				4E7325C429A3839E000848EB /* Debug */,
				4E7325C529A3839E000848EB /* Release */,
			);
			defaultConfigurationIsVisible = 0;
			defaultConfigurationName = Release;
		};
		4E7325C629A3839E000848EB /* Build configuration list for PBXNativeTarget "SwiftUIMemo (iOS)" */ = {
			isa = XCConfigurationList;
			buildConfigurations = (
				4E7325C729A3839E000848EB /* Debug */,
				4E7325C829A3839E000848EB /* Release */,
			);
			defaultConfigurationIsVisible = 0;
			defaultConfigurationName = Release;
		};
		4E7325C929A3839E000848EB /* Build configuration list for PBXNativeTarget "SwiftUIMemo (macOS)" */ = {
			isa = XCConfigurationList;
			buildConfigurations = (
				4E7325CA29A3839E000848EB /* Debug */,
				4E7325CB29A3839E000848EB /* Release */,
			);
			defaultConfigurationIsVisible = 0;
			defaultConfigurationName = Release;
		};
/* End XCConfigurationList section */

/* Begin XCVersionGroup section */
		4E7325A729A3839B000848EB /* SwiftUIMemo.xcdatamodeld */ = {
			isa = XCVersionGroup;
			children = (
				4E7325A829A3839B000848EB /* Shared.xcdatamodel */,
			);
			currentVersion = 4E7325A829A3839B000848EB /* Shared.xcdatamodel */;
			path = SwiftUIMemo.xcdatamodeld;
			sourceTree = "<group>";
			versionGroupType = wrapper.xcdatamodel;
		};
/* End XCVersionGroup section */
	};
	rootObject = 4E7325A229A3839A000848EB /* Project object */;
}
